
Microsoft Visual Studio Solution File, Format Version 12.00
# Visual Studio 15
Project("{FAE04EC0-301F-11D3-BF4B-00C04F79EFBC}") = "Assembly-CSharp", "Assembly-CSharp.csproj", "{56A026E2-7190-55E6-3BD4-6917A8093B8D}"
EndProject
Global
	GlobalSection(SolutionConfigurationPlatforms) = preSolution
		Debug|Any CPU = Debug|Any CPU
		Release|Any CPU = Release|Any CPU
	EndGlobalSection
	GlobalSection(ProjectConfigurationPlatforms) = postSolution
		{56A026E2-7190-55E6-3BD4-6917A8093B8D}.Debug|Any CPU.ActiveCfg = Debug|Any CPU
		{56A026E2-7190-55E6-3BD4-6917A8093B8D}.Debug|Any CPU.Build.0 = Debug|Any CPU
		{56A026E2-7190-55E6-3BD4-6917A8093B8D}.Release|Any CPU.ActiveCfg = Release|Any CPU
		{56A026E2-7190-55E6-3BD4-6917A8093B8D}.Release|Any CPU.Build.0 = Release|Any CPU
	EndGlobalSection
	GlobalSection(SolutionProperties) = preSolution
		HideSolutionNode = FALSE
	EndGlobalSection
EndGlobal
